
Microsoft Visual Studio Solution File, Format Version 12.00
# Visual Studio Version 17
VisualStudioVersion = 17.12.35707.178
MinimumVisualStudioVersion = 10.0.40219.1
Project("{9A19103F-16F7-4668-BE54-9A1E7A4F7556}") = "PruebaQueCompila", "PruebaQueCompila\PruebaQueCompila.csproj", "{73659597-F305-47FD-B9EA-A7D7FCB1BF4D}"
EndProject
Global
	GlobalSection(SolutionConfigurationPlatforms) = preSolution
		Debug|Any CPU = Debug|Any CPU
		Release|Any CPU = Release|Any CPU
	EndGlobalSection
	GlobalSection(ProjectConfigurationPlatforms) = postSolution
		{73659597-F305-47FD-B9EA-A7D7FCB1BF4D}.Debug|Any CPU.ActiveCfg = Debug|Any CPU
		{73659597-F305-47FD-B9EA-A7D7FCB1BF4D}.Debug|Any CPU.Build.0 = Debug|Any CPU
		{73659597-F305-47FD-B9EA-A7D7FCB1BF4D}.Debug|Any CPU.Deploy.0 = Debug|Any CPU
		{73659597-F305-47FD-B9EA-A7D7FCB1BF4D}.Release|Any CPU.ActiveCfg = Release|Any CPU
		{73659597-F305-47FD-B9EA-A7D7FCB1BF4D}.Release|Any CPU.Build.0 = Release|Any CPU
	EndGlobalSection
	GlobalSection(SolutionProperties) = preSolution
		HideSolutionNode = FALSE
	EndGlobalSection
EndGlobal
